
Microsoft Visual Studio Solution File, Format Version 12.00
# Visual Studio Version 17
VisualStudioVersion = 17.5.33502.453
MinimumVisualStudioVersion = 10.0.40219.1
Project("{FAE04EC0-301F-11D3-BF4B-00C04F79EFBC}") = "RecipeBook", "RecipeBook.csproj", "{786B8CDB-96AF-4E80-BCB9-2B00C7987505}"
EndProject
Global
	GlobalSection(SolutionConfigurationPlatforms) = preSolution
		Debug|Any CPU = Debug|Any CPU
		Release|Any CPU = Release|Any CPU
	EndGlobalSection
	GlobalSection(ProjectConfigurationPlatforms) = postSolution
		{786B8CDB-96AF-4E80-BCB9-2B00C7987505}.Debug|Any CPU.ActiveCfg = Debug|Any CPU
		{786B8CDB-96AF-4E80-BCB9-2B00C7987505}.Debug|Any CPU.Build.0 = Debug|Any CPU
		{786B8CDB-96AF-4E80-BCB9-2B00C7987505}.Release|Any CPU.ActiveCfg = Release|Any CPU
		{786B8CDB-96AF-4E80-BCB9-2B00C7987505}.Release|Any CPU.Build.0 = Release|Any CPU
	EndGlobalSection
	GlobalSection(SolutionProperties) = preSolution
		HideSolutionNode = FALSE
	EndGlobalSection
	GlobalSection(ExtensibilityGlobals) = postSolution
		SolutionGuid = {7319E849-402A-46F5-97E4-CA835D74953A}
	EndGlobalSection
EndGlobal
